
Microsoft Visual Studio Solution File, Format Version 12.00
# Visual Studio Version 17
VisualStudioVersion = 17.0.32014.148
MinimumVisualStudioVersion = 10.0.40219.1
Project("{9A19103F-16F7-4668-BE54-9A1E7A4F7556}") = "CardDungeonRemaster.Server", "CardDungeonRemaster\Server\CardDungeonRemaster.Server.csproj", "{FC381630-EC18-492D-9CBA-C5DF4E412873}"
EndProject
Project("{9A19103F-16F7-4668-BE54-9A1E7A4F7556}") = "CardDungeonRemaster.Client", "CardDungeonRemaster\Client\CardDungeonRemaster.Client.csproj", "{9A6232AC-E4BD-4F46-856B-CBA45ACFFC63}"
EndProject
Project("{9A19103F-16F7-4668-BE54-9A1E7A4F7556}") = "CardDungeonRemaster.Shared", "CardDungeonRemaster\Shared\CardDungeonRemaster.Shared.csproj", "{8669F19D-65CB-4C5F-913B-E2168AB72A91}"
EndProject
Project("{9A19103F-16F7-4668-BE54-9A1E7A4F7556}") = "Data", "Data\Data.csproj", "{ACCA0723-871E-4A4E-A621-716AA6D16625}"
EndProject
Project("{9A19103F-16F7-4668-BE54-9A1E7A4F7556}") = "Service", "Service\Service.csproj", "{CFDC33F4-A2C8-4B98-8A4E-8BE97EC7DC22}"
EndProject
Project("{FAE04EC0-301F-11D3-BF4B-00C04F79EFBC}") = "DataConstraints", "DataConstraints\DataConstraints.csproj", "{DB888702-6E4F-4277-820C-2EB8F96E9923}"
EndProject
Global
	GlobalSection(SolutionConfigurationPlatforms) = preSolution
		Debug|Any CPU = Debug|Any CPU
		Release|Any CPU = Release|Any CPU
	EndGlobalSection
	GlobalSection(ProjectConfigurationPlatforms) = postSolution
		{FC381630-EC18-492D-9CBA-C5DF4E412873}.Debug|Any CPU.ActiveCfg = Debug|Any CPU
		{FC381630-EC18-492D-9CBA-C5DF4E412873}.Debug|Any CPU.Build.0 = Debug|Any CPU
		{FC381630-EC18-492D-9CBA-C5DF4E412873}.Release|Any CPU.ActiveCfg = Release|Any CPU
		{FC381630-EC18-492D-9CBA-C5DF4E412873}.Release|Any CPU.Build.0 = Release|Any CPU
		{9A6232AC-E4BD-4F46-856B-CBA45ACFFC63}.Debug|Any CPU.ActiveCfg = Debug|Any CPU
		{9A6232AC-E4BD-4F46-856B-CBA45ACFFC63}.Debug|Any CPU.Build.0 = Debug|Any CPU
		{9A6232AC-E4BD-4F46-856B-CBA45ACFFC63}.Release|Any CPU.ActiveCfg = Release|Any CPU
		{9A6232AC-E4BD-4F46-856B-CBA45ACFFC63}.Release|Any CPU.Build.0 = Release|Any CPU
		{8669F19D-65CB-4C5F-913B-E2168AB72A91}.Debug|Any CPU.ActiveCfg = Debug|Any CPU
		{8669F19D-65CB-4C5F-913B-E2168AB72A91}.Debug|Any CPU.Build.0 = Debug|Any CPU
		{8669F19D-65CB-4C5F-913B-E2168AB72A91}.Release|Any CPU.ActiveCfg = Release|Any CPU
		{8669F19D-65CB-4C5F-913B-E2168AB72A91}.Release|Any CPU.Build.0 = Release|Any CPU
		{ACCA0723-871E-4A4E-A621-716AA6D16625}.Debug|Any CPU.ActiveCfg = Debug|Any CPU
		{ACCA0723-871E-4A4E-A621-716AA6D16625}.Debug|Any CPU.Build.0 = Debug|Any CPU
		{ACCA0723-871E-4A4E-A621-716AA6D16625}.Release|Any CPU.ActiveCfg = Release|Any CPU
		{ACCA0723-871E-4A4E-A621-716AA6D16625}.Release|Any CPU.Build.0 = Release|Any CPU
		{CFDC33F4-A2C8-4B98-8A4E-8BE97EC7DC22}.Debug|Any CPU.ActiveCfg = Debug|Any CPU
		{CFDC33F4-A2C8-4B98-8A4E-8BE97EC7DC22}.Debug|Any CPU.Build.0 = Debug|Any CPU
		{CFDC33F4-A2C8-4B98-8A4E-8BE97EC7DC22}.Release|Any CPU.ActiveCfg = Release|Any CPU
		{CFDC33F4-A2C8-4B98-8A4E-8BE97EC7DC22}.Release|Any CPU.Build.0 = Release|Any CPU
		{DB888702-6E4F-4277-820C-2EB8F96E9923}.Debug|Any CPU.ActiveCfg = Debug|Any CPU
		{DB888702-6E4F-4277-820C-2EB8F96E9923}.Debug|Any CPU.Build.0 = Debug|Any CPU
		{DB888702-6E4F-4277-820C-2EB8F96E9923}.Release|Any CPU.ActiveCfg = Release|Any CPU
		{DB888702-6E4F-4277-820C-2EB8F96E9923}.Release|Any CPU.Build.0 = Release|Any CPU
	EndGlobalSection
	GlobalSection(SolutionProperties) = preSolution
		HideSolutionNode = FALSE
	EndGlobalSection
	GlobalSection(ExtensibilityGlobals) = postSolution
		SolutionGuid = {DA98922B-25AF-46B6-89DD-16DF5F3A8CBB}
	EndGlobalSection
EndGlobal
